<?xml version="1.0" encoding="utf-8"?>
<Project ToolsVersion="4.0" xmlns="http://schemas.microsoft.com/developer/msbuild/2003">
  <ItemGroup>
    <Filter Include="Code">
      <UniqueIdentifier>{d66bffac-f639-43cf-a6d3-676d5b4289e1}</UniqueIdentifier>
    </Filter>
    <Filter Include="Code\Framework">
      <UniqueIdentifier>{4cafe0d7-470e-4d3c-b32d-cea9d69654b6}</UniqueIdentifier>
    </Filter>
    <Filter Include="Code\EM">
      <UniqueIdentifier>{b1d30ae4-92e3-4da2-bd01-2947cad4a46c}</UniqueIdentifier>
    </Filter>
    <Filter Include="Code\Objects">
      <UniqueIdentifier>{f731ef97-4023-4cae-bc4a-dd79dffef8c4}</UniqueIdentifier>
    </Filter>
    <Filter Include="NGin">
      <UniqueIdentifier>{cb4901cd-b1f4-4d8a-bb66-5d36847f90a9}</UniqueIdentifier>
    </Filter>
  </ItemGroup>
  <ItemGroup>
    <ClCompile Include="..\Core\Object\Battery.cpp">
      <Filter>Code\Objects</Filter>
    </ClCompile>
    <ClCompile Include="..\Core\Object\Computer.cpp">
      <Filter>Code\Objects</Filter>
    </ClCompile>
    <ClCompile Include="..\Core\Object\Engine.cpp">
      <Filter>Code\Objects</Filter>
    </ClCompile>
    <ClCompile Include="..\Core\Object\Generator.cpp">
      <Filter>Code\Objects</Filter>
    </ClCompile>
    <ClCompile Include="..\Core\Object\Hangar.cpp">
      <Filter>Code\Objects</Filter>
    </ClCompile>
    <ClCompile Include="..\Core\Object\Laser.cpp">
      <Filter>Code\Objects</Filter>
    </ClCompile>
    <ClCompile Include="..\Core\Object\Object.cpp">
      <Filter>Code\Objects</Filter>
    </ClCompile>
    <ClCompile Include="..\Core\Object\Sensor.cpp">
      <Filter>Code\Objects</Filter>
    </ClCompile>
    <ClCompile Include="..\Core\Path\Bubble.cpp">
      <Filter>Code\EM</Filter>
    </ClCompile>
    <ClCompile Include="..\Core\Path\Movement.cpp">
      <Filter>Code\EM</Filter>
    </ClCompile>
    <ClCompile Include="..\Core\Path\Path.cpp">
      <Filter>Code\EM</Filter>
    </ClCompile>
    <ClCompile Include="..\Core\Path\Shot.cpp">
      <Filter>Code\EM</Filter>
    </ClCompile>
    <ClCompile Include="GameCanvas.cpp">
      <Filter>Code\Framework</Filter>
    </ClCompile>
    <ClCompile Include="Main.cpp">
      <Filter>Code\Framework</Filter>
    </ClCompile>
    <ClCompile Include="RenderIn.cpp">
      <Filter>Code\Framework</Filter>
    </ClCompile>
    <ClCompile Include="RenderOut.cpp">
      <Filter>Code\Framework</Filter>
    </ClCompile>
    <ClCompile Include="..\Core\Ship.cpp">
      <Filter>Code\Framework</Filter>
    </ClCompile>
    <ClCompile Include="..\Core\Sighting.cpp">
      <Filter>Code\Framework</Filter>
    </ClCompile>
    <ClCompile Include="..\Core\Event.cpp">
      <Filter>Code\Framework</Filter>
    </ClCompile>
    <ClCompile Include="..\Core\Resources.cpp">
      <Filter>Code\Framework</Filter>
    </ClCompile>
    <ClCompile Include="..\..\..\NGin\GUI\Button.cpp">
      <Filter>NGin</Filter>
    </ClCompile>
    <ClCompile Include="..\..\..\NGin\GUI\Canvas.cpp">
      <Filter>NGin</Filter>
    </ClCompile>
    <ClCompile Include="..\..\..\NGin\GUI\Checkbox.cpp">
      <Filter>NGin</Filter>
    </ClCompile>
    <ClCompile Include="..\..\..\NGin\GUI\ClientCore.cpp">
      <Filter>NGin</Filter>
    </ClCompile>
    <ClCompile Include="..\..\..\NGin\GUI\Container.cpp">
      <Filter>NGin</Filter>
    </ClCompile>
    <ClCompile Include="..\..\..\NGin\GUI\ControlSetting.cpp">
      <Filter>NGin</Filter>
    </ClCompile>
    <ClCompile Include="..\..\..\NGin\GUI\Graphics.cpp">
      <Filter>NGin</Filter>
    </ClCompile>
    <ClCompile Include="..\..\..\NGin\GUI\GraphicsUtils.cpp">
      <Filter>NGin</Filter>
    </ClCompile>
    <ClCompile Include="..\..\..\NGin\GUI\GUIElement.cpp">
      <Filter>NGin</Filter>
    </ClCompile>
    <ClCompile Include="..\..\..\NGin\GUI\Image.cpp">
      <Filter>NGin</Filter>
    </ClCompile>
    <ClCompile Include="..\..\..\NGin\GUI\Label.cpp">
      <Filter>NGin</Filter>
    </ClCompile>
    <ClCompile Include="..\..\..\NGin\GUI\LabelBind.cpp">
      <Filter>NGin</Filter>
    </ClCompile>
    <ClCompile Include="..\..\..\NGin\GUI\Panel.cpp">
      <Filter>NGin</Filter>
    </ClCompile>
    <ClCompile Include="..\..\..\NGin\GUI\Plot.cpp">
      <Filter>NGin</Filter>
    </ClCompile>
    <ClCompile Include="..\..\..\NGin\GUI\Popup.cpp">
      <Filter>NGin</Filter>
    </ClCompile>
    <ClCompile Include="..\..\..\NGin\GUI\Slider.cpp">
      <Filter>NGin</Filter>
    </ClCompile>
    <ClCompile Include="..\..\..\NGin\GUI\Table.cpp">
      <Filter>NGin</Filter>
    </ClCompile>
    <ClCompile Include="..\..\..\NGin\GUI\TextInput.cpp">
      <Filter>NGin</Filter>
    </ClCompile>
    <ClCompile Include="..\..\..\NGin\Maths\BigFloat.cpp">
      <Filter>NGin</Filter>
    </ClCompile>
    <ClCompile Include="..\..\..\NGin\Maths\FlowSystem.cpp">
      <Filter>NGin</Filter>
    </ClCompile>
    <ClCompile Include="..\..\..\NGin\Maths\Fraction.cpp">
      <Filter>NGin</Filter>
    </ClCompile>
    <ClCompile Include="..\..\..\NGin\Maths\helperFunctions.cpp">
      <Filter>NGin</Filter>
    </ClCompile>
    <ClCompile Include="..\..\..\NGin\Maths\Keyframe.cpp">
      <Filter>NGin</Filter>
    </ClCompile>
    <ClCompile Include="..\..\..\NGin\Maths\Point.cpp">
      <Filter>NGin</Filter>
    </ClCompile>
    <ClCompile Include="..\..\..\NGin\Maths\Polynomial.cpp">
      <Filter>NGin</Filter>
    </ClCompile>
    <ClCompile Include="..\..\..\NGin\Maths\BigNumberLibrary\Cbignum.cpp">
      <Filter>NGin</Filter>
    </ClCompile>
    <ClCompile Include="..\..\..\NGin\Maths\BigNumberLibrary\Cbignumf.cpp">
      <Filter>NGin</Filter>
    </ClCompile>
    <ClCompile Include="..\..\..\NGin\Maths\BigNumberLibrary\Cbignums.cpp">
      <Filter>NGin</Filter>
    </ClCompile>
    <ClCompile Include="..\..\..\NGin\Maths\BigNumberLibrary\Ctty.cpp">
      <Filter>NGin</Filter>
    </ClCompile>
    <ClCompile Include="..\..\..\NGin\Maths\BigNumberLibrary\Exarray.cpp">
      <Filter>NGin</Filter>
    </ClCompile>
    <ClCompile Include="..\..\..\NGin\Maths\BigNumberLibrary\Prime.cpp">
      <Filter>NGin</Filter>
    </ClCompile>
    <ClCompile Include="..\..\..\NGin\Network\Network.cpp">
      <Filter>NGin</Filter>
    </ClCompile>
    <ClCompile Include="..\..\..\NGin\Network\NetworkData.cpp">
      <Filter>NGin</Filter>
    </ClCompile>
    <ClCompile Include="..\..\..\NGin\Scripts\Scripts.cpp">
      <Filter>NGin</Filter>
    </ClCompile>
  </ItemGroup>
  <ItemGroup>
    <ClInclude Include="..\Core\Object\Battery.h">
      <Filter>Code\Objects</Filter>
    </ClInclude>
    <ClInclude Include="..\Core\Object\Computer.h">
      <Filter>Code\Objects</Filter>
    </ClInclude>
    <ClInclude Include="..\Core\Object\Engine.h">
      <Filter>Code\Objects</Filter>
    </ClInclude>
    <ClInclude Include="..\Core\Object\Generator.h">
      <Filter>Code\Objects</Filter>
    </ClInclude>
    <ClInclude Include="..\Core\Object\Hangar.h">
      <Filter>Code\Objects</Filter>
    </ClInclude>
    <ClInclude Include="..\Core\Object\Laser.h">
      <Filter>Code\Objects</Filter>
    </ClInclude>
    <ClInclude Include="..\Core\Object\Object.h">
      <Filter>Code\Objects</Filter>
    </ClInclude>
    <ClInclude Include="..\Core\Object\Sensor.h">
      <Filter>Code\Objects</Filter>
    </ClInclude>
    <ClInclude Include="..\Core\Path\Bubble.h">
      <Filter>Code\EM</Filter>
    </ClInclude>
    <ClInclude Include="..\Core\Path\Movement.h">
      <Filter>Code\EM</Filter>
    </ClInclude>
    <ClInclude Include="..\Core\Path\Path.h">
      <Filter>Code\EM</Filter>
    </ClInclude>
    <ClInclude Include="..\Core\Path\Shot.h">
      <Filter>Code\EM</Filter>
    </ClInclude>
    <ClInclude Include="GameCanvas.h">
      <Filter>Code\Framework</Filter>
    </ClInclude>
    <ClInclude Include="Main.h">
      <Filter>Code\Framework</Filter>
    </ClInclude>
    <ClInclude Include="RenderIn.h">
      <Filter>Code\Framework</Filter>
    </ClInclude>
    <ClInclude Include="RenderOut.h">
      <Filter>Code\Framework</Filter>
    </ClInclude>
    <ClInclude Include="..\Core\Ship.h">
      <Filter>Code\Framework</Filter>
    </ClInclude>
    <ClInclude Include="..\Core\Sighting.h">
      <Filter>Code\Framework</Filter>
    </ClInclude>
    <ClInclude Include="..\Core\Event.h">
      <Filter>Code\Framework</Filter>
    </ClInclude>
    <ClInclude Include="..\Core\Resources.h">
      <Filter>Code\Framework</Filter>
    </ClInclude>
    <ClInclude Include="..\Core\Scripts\Scripts.h">
      <Filter>Code\Objects</Filter>
    </ClInclude>
    <ClInclude Include="..\..\..\NGin\GUI\Button.h">
      <Filter>NGin</Filter>
    </ClInclude>
    <ClInclude Include="..\..\..\NGin\GUI\Canvas.h">
      <Filter>NGin</Filter>
    </ClInclude>
    <ClInclude Include="..\..\..\NGin\GUI\Checkbox.h">
      <Filter>NGin</Filter>
    </ClInclude>
    <ClInclude Include="..\..\..\NGin\GUI\ClientCore.h">
      <Filter>NGin</Filter>
    </ClInclude>
    <ClInclude Include="..\..\..\NGin\GUI\Container.h">
      <Filter>NGin</Filter>
    </ClInclude>
    <ClInclude Include="..\..\..\NGin\GUI\ControlSetting.h">
      <Filter>NGin</Filter>
    </ClInclude>
    <ClInclude Include="..\..\..\NGin\GUI\Graphics.h">
      <Filter>NGin</Filter>
    </ClInclude>
    <ClInclude Include="..\..\..\NGin\GUI\GraphicsUtils.h">
      <Filter>NGin</Filter>
    </ClInclude>
    <ClInclude Include="..\..\..\NGin\GUI\GUIElement.h">
      <Filter>NGin</Filter>
    </ClInclude>
    <ClInclude Include="..\..\..\NGin\GUI\Image.h">
      <Filter>NGin</Filter>
    </ClInclude>
    <ClInclude Include="..\..\..\NGin\GUI\Label.h">
      <Filter>NGin</Filter>
    </ClInclude>
    <ClInclude Include="..\..\..\NGin\GUI\LabelBind.h">
      <Filter>NGin</Filter>
    </ClInclude>
    <ClInclude Include="..\..\..\NGin\GUI\Panel.h">
      <Filter>NGin</Filter>
    </ClInclude>
    <ClInclude Include="..\..\..\NGin\GUI\Plot.h">
      <Filter>NGin</Filter>
    </ClInclude>
    <ClInclude Include="..\..\..\NGin\GUI\Popup.h">
      <Filter>NGin</Filter>
    </ClInclude>
    <ClInclude Include="..\..\..\NGin\GUI\Slider.h">
      <Filter>NGin</Filter>
    </ClInclude>
    <ClInclude Include="..\..\..\NGin\GUI\stb_image.h">
      <Filter>NGin</Filter>
    </ClInclude>
    <ClInclude Include="..\..\..\NGin\GUI\Table.h">
      <Filter>NGin</Filter>
    </ClInclude>
    <ClInclude Include="..\..\..\NGin\GUI\TextInput.h">
      <Filter>NGin</Filter>
    </ClInclude>
    <ClInclude Include="..\..\..\NGin\Maths\BigFloat.h">
      <Filter>NGin</Filter>
    </ClInclude>
    <ClInclude Include="..\..\..\NGin\Maths\constants.h">
      <Filter>NGin</Filter>
    </ClInclude>
    <ClInclude Include="..\..\..\NGin\Maths\FlowSystem.h">
      <Filter>NGin</Filter>
    </ClInclude>
    <ClInclude Include="..\..\..\NGin\Maths\Fraction.h">
      <Filter>NGin</Filter>
    </ClInclude>
    <ClInclude Include="..\..\..\NGin\Maths\helperFunctions.h">
      <Filter>NGin</Filter>
    </ClInclude>
    <ClInclude Include="..\..\..\NGin\Maths\Keyframe.h">
      <Filter>NGin</Filter>
    </ClInclude>
    <ClInclude Include="..\..\..\NGin\Maths\Point.h">
      <Filter>NGin</Filter>
    </ClInclude>
    <ClInclude Include="..\..\..\NGin\Maths\Polynomial.h">
      <Filter>NGin</Filter>
    </ClInclude>
    <ClInclude Include="..\..\..\NGin\Maths\Types.h">
      <Filter>NGin</Filter>
    </ClInclude>
    <ClInclude Include="..\..\..\NGin\Maths\BigNumberLibrary\Cbignum.h">
      <Filter>NGin</Filter>
    </ClInclude>
    <ClInclude Include="..\..\..\NGin\Maths\BigNumberLibrary\Cbignumf.h">
      <Filter>NGin</Filter>
    </ClInclude>
    <ClInclude Include="..\..\..\NGin\Maths\BigNumberLibrary\Cbignums.h">
      <Filter>NGin</Filter>
    </ClInclude>
    <ClInclude Include="..\..\..\NGin\Maths\BigNumberLibrary\Cbnl.h">
      <Filter>NGin</Filter>
    </ClInclude>
    <ClInclude Include="..\..\..\NGin\Maths\BigNumberLibrary\Cios.h">
      <Filter>NGin</Filter>
    </ClInclude>
    <ClInclude Include="..\..\..\NGin\Maths\BigNumberLibrary\Cthr.h">
      <Filter>NGin</Filter>
    </ClInclude>
    <ClInclude Include="..\..\..\NGin\Maths\BigNumberLibrary\Ctty.h">
      <Filter>NGin</Filter>
    </ClInclude>
    <ClInclude Include="..\..\..\NGin\Maths\BigNumberLibrary\Exarray.h">
      <Filter>NGin</Filter>
    </ClInclude>
    <ClInclude Include="..\..\..\NGin\Maths\BigNumberLibrary\Exdebug.h">
      <Filter>NGin</Filter>
    </ClInclude>
    <ClInclude Include="..\..\..\NGin\Maths\BigNumberLibrary\Exstring.h">
      <Filter>NGin</Filter>
    </ClInclude>
    <ClInclude Include="..\..\..\NGin\Maths\BigNumberLibrary\Exthread.h">
      <Filter>NGin</Filter>
    </ClInclude>
    <ClInclude Include="..\..\..\NGin\Network\Network.h">
      <Filter>NGin</Filter>
    </ClInclude>
    <ClInclude Include="..\..\..\NGin\Network\NetworkData.h">
      <Filter>NGin</Filter>
    </ClInclude>
    <ClInclude Include="..\..\..\NGin\rapidxml\rapidxml.hpp">
      <Filter>NGin</Filter>
    </ClInclude>
    <ClInclude Include="..\..\..\NGin\rapidxml\rapidxml_iterators.hpp">
      <Filter>NGin</Filter>
    </ClInclude>
    <ClInclude Include="..\..\..\NGin\rapidxml\rapidxml_print.hpp">
      <Filter>NGin</Filter>
    </ClInclude>
    <ClInclude Include="..\..\..\NGin\rapidxml\rapidxml_utils.hpp">
      <Filter>NGin</Filter>
    </ClInclude>
    <ClInclude Include="..\..\..\NGin\Scripts\Scripts.h">
      <Filter>NGin</Filter>
    </ClInclude>
    <ClInclude Include="..\Core\Definition.h">
      <Filter>Code\Framework</Filter>
    </ClInclude>
  </ItemGroup>
  <ItemGroup>
    <Text Include="..\..\..\NGin\Maths\BigNumberLibrary\Cbignum.txt">
      <Filter>NGin</Filter>
    </Text>
    <Text Include="..\..\..\NGin\Maths\BigNumberLibrary\Exarray.txt">
      <Filter>NGin</Filter>
    </Text>
    <Text Include="..\..\..\NGin\rapidxml\license.txt">
      <Filter>NGin</Filter>
    </Text>
  </ItemGroup>
  <ItemGroup>
    <None Include="..\..\..\NGin\Maths\BigNumberLibrary\Cbignumf.inl">
      <Filter>NGin</Filter>
    </None>
    <None Include="..\..\..\NGin\Maths\BigNumberLibrary\Cbnl.inl">
      <Filter>NGin</Filter>
    </None>
    <None Include="..\..\..\NGin\Maths\BigNumberLibrary\Cbnl64.inl">
      <Filter>NGin</Filter>
    </None>
    <None Include="..\..\..\NGin\rapidxml\manual.html">
      <Filter>NGin</Filter>
    </None>
  </ItemGroup>
</Project>