<?xml version="1.0" encoding="utf-8"?>
<Project ToolsVersion="4.0" xmlns="http://schemas.microsoft.com/developer/msbuild/2003">
  <ItemGroup>
    <Filter Include="Code">
      <UniqueIdentifier>{db08a49b-85be-4701-b629-a731b1504e33}</UniqueIdentifier>
    </Filter>
    <Filter Include="Code\Framework">
      <UniqueIdentifier>{ffa63553-364d-4d8c-afbe-7b6528021c1f}</UniqueIdentifier>
    </Filter>
    <Filter Include="Code\EM">
      <UniqueIdentifier>{ad809658-14bf-4ae3-a24f-51b183f418e5}</UniqueIdentifier>
    </Filter>
    <Filter Include="Code\Objects">
      <UniqueIdentifier>{5c391dd6-757d-4f3a-a633-49b13ef867e7}</UniqueIdentifier>
    </Filter>
    <Filter Include="NGin">
      <UniqueIdentifier>{f1e1d8b0-5e65-48bb-bf01-dc0b61491727}</UniqueIdentifier>
    </Filter>
  </ItemGroup>
  <ItemGroup>
    <ClCompile Include="..\Core\Path\Bubble.cpp">
      <Filter>Code\EM</Filter>
    </ClCompile>
    <ClCompile Include="..\Core\Path\Movement.cpp">
      <Filter>Code\EM</Filter>
    </ClCompile>
    <ClCompile Include="..\Core\Path\Path.cpp">
      <Filter>Code\EM</Filter>
    </ClCompile>
    <ClCompile Include="..\Core\Path\Shot.cpp">
      <Filter>Code\EM</Filter>
    </ClCompile>
    <ClCompile Include="..\Core\Object\Battery.cpp">
      <Filter>Code\Objects</Filter>
    </ClCompile>
    <ClCompile Include="..\Core\Object\Computer.cpp">
      <Filter>Code\Objects</Filter>
    </ClCompile>
    <ClCompile Include="..\Core\Object\Engine.cpp">
      <Filter>Code\Objects</Filter>
    </ClCompile>
    <ClCompile Include="..\Core\Object\Generator.cpp">
      <Filter>Code\Objects</Filter>
    </ClCompile>
    <ClCompile Include="..\Core\Object\Hangar.cpp">
      <Filter>Code\Objects</Filter>
    </ClCompile>
    <ClCompile Include="..\Core\Object\Laser.cpp">
      <Filter>Code\Objects</Filter>
    </ClCompile>
    <ClCompile Include="..\Core\Object\Object.cpp">
      <Filter>Code\Objects</Filter>
    </ClCompile>
    <ClCompile Include="..\Core\Object\Sensor.cpp">
      <Filter>Code\Objects</Filter>
    </ClCompile>
    <ClCompile Include="Game.cpp">
      <Filter>Code\Framework</Filter>
    </ClCompile>
    <ClCompile Include="Main.cpp">
      <Filter>Code\Framework</Filter>
    </ClCompile>
    <ClCompile Include="..\Core\Ship.cpp">
      <Filter>Code\Framework</Filter>
    </ClCompile>
    <ClCompile Include="..\Core\Sighting.cpp">
      <Filter>Code\Framework</Filter>
    </ClCompile>
    <ClCompile Include="..\Core\Event.cpp">
      <Filter>Code\Framework</Filter>
    </ClCompile>
    <ClCompile Include="..\..\..\NGin\Maths\BigFloat.cpp">
      <Filter>NGin</Filter>
    </ClCompile>
    <ClCompile Include="..\..\..\NGin\Maths\FlowSystem.cpp">
      <Filter>NGin</Filter>
    </ClCompile>
    <ClCompile Include="..\..\..\NGin\Maths\Fraction.cpp">
      <Filter>NGin</Filter>
    </ClCompile>
    <ClCompile Include="..\..\..\NGin\Maths\helperFunctions.cpp">
      <Filter>NGin</Filter>
    </ClCompile>
    <ClCompile Include="..\..\..\NGin\Maths\Keyframe.cpp">
      <Filter>NGin</Filter>
    </ClCompile>
    <ClCompile Include="..\..\..\NGin\Maths\Point.cpp">
      <Filter>NGin</Filter>
    </ClCompile>
    <ClCompile Include="..\..\..\NGin\Maths\Polynomial.cpp">
      <Filter>NGin</Filter>
    </ClCompile>
    <ClCompile Include="..\..\..\NGin\Maths\BigNumberLibrary\Cbignum.cpp">
      <Filter>NGin</Filter>
    </ClCompile>
    <ClCompile Include="..\..\..\NGin\Maths\BigNumberLibrary\Cbignumf.cpp">
      <Filter>NGin</Filter>
    </ClCompile>
    <ClCompile Include="..\..\..\NGin\Maths\BigNumberLibrary\Cbignums.cpp">
      <Filter>NGin</Filter>
    </ClCompile>
    <ClCompile Include="..\..\..\NGin\Maths\BigNumberLibrary\Ctty.cpp">
      <Filter>NGin</Filter>
    </ClCompile>
    <ClCompile Include="..\..\..\NGin\Maths\BigNumberLibrary\Exarray.cpp">
      <Filter>NGin</Filter>
    </ClCompile>
    <ClCompile Include="..\..\..\NGin\Maths\BigNumberLibrary\Prime.cpp">
      <Filter>NGin</Filter>
    </ClCompile>
    <ClCompile Include="..\..\..\NGin\Network\Network.cpp">
      <Filter>NGin</Filter>
    </ClCompile>
    <ClCompile Include="..\..\..\NGin\Network\NetworkData.cpp">
      <Filter>NGin</Filter>
    </ClCompile>
    <ClCompile Include="..\..\..\NGin\Scripts\Scripts.cpp">
      <Filter>NGin</Filter>
    </ClCompile>
  </ItemGroup>
  <ItemGroup>
    <ClInclude Include="..\Core\Path\Bubble.h">
      <Filter>Code\EM</Filter>
    </ClInclude>
    <ClInclude Include="..\Core\Path\Movement.h">
      <Filter>Code\EM</Filter>
    </ClInclude>
    <ClInclude Include="..\Core\Path\Path.h">
      <Filter>Code\EM</Filter>
    </ClInclude>
    <ClInclude Include="..\Core\Path\Shot.h">
      <Filter>Code\EM</Filter>
    </ClInclude>
    <ClInclude Include="..\Core\Object\Battery.h">
      <Filter>Code\Objects</Filter>
    </ClInclude>
    <ClInclude Include="..\Core\Object\Computer.h">
      <Filter>Code\Objects</Filter>
    </ClInclude>
    <ClInclude Include="..\Core\Object\Engine.h">
      <Filter>Code\Objects</Filter>
    </ClInclude>
    <ClInclude Include="..\Core\Object\Generator.h">
      <Filter>Code\Objects</Filter>
    </ClInclude>
    <ClInclude Include="..\Core\Object\Hangar.h">
      <Filter>Code\Objects</Filter>
    </ClInclude>
    <ClInclude Include="..\Core\Object\Laser.h">
      <Filter>Code\Objects</Filter>
    </ClInclude>
    <ClInclude Include="..\Core\Object\Object.h">
      <Filter>Code\Objects</Filter>
    </ClInclude>
    <ClInclude Include="..\Core\Object\Sensor.h">
      <Filter>Code\Objects</Filter>
    </ClInclude>
    <ClInclude Include="Game.h">
      <Filter>Code\Framework</Filter>
    </ClInclude>
    <ClInclude Include="Main.h">
      <Filter>Code\Framework</Filter>
    </ClInclude>
    <ClInclude Include="..\Core\Ship.h">
      <Filter>Code\Framework</Filter>
    </ClInclude>
    <ClInclude Include="..\Core\Sighting.h">
      <Filter>Code\Framework</Filter>
    </ClInclude>
    <ClInclude Include="..\Core\Event.h">
      <Filter>Code\Framework</Filter>
    </ClInclude>
    <ClInclude Include="..\..\..\NGin\GUI\stb_image.h">
      <Filter>NGin</Filter>
    </ClInclude>
    <ClInclude Include="..\..\..\NGin\Maths\BigFloat.h">
      <Filter>NGin</Filter>
    </ClInclude>
    <ClInclude Include="..\..\..\NGin\Maths\constants.h">
      <Filter>NGin</Filter>
    </ClInclude>
    <ClInclude Include="..\..\..\NGin\Maths\FlowSystem.h">
      <Filter>NGin</Filter>
    </ClInclude>
    <ClInclude Include="..\..\..\NGin\Maths\Fraction.h">
      <Filter>NGin</Filter>
    </ClInclude>
    <ClInclude Include="..\..\..\NGin\Maths\helperFunctions.h">
      <Filter>NGin</Filter>
    </ClInclude>
    <ClInclude Include="..\..\..\NGin\Maths\Keyframe.h">
      <Filter>NGin</Filter>
    </ClInclude>
    <ClInclude Include="..\..\..\NGin\Maths\Point.h">
      <Filter>NGin</Filter>
    </ClInclude>
    <ClInclude Include="..\..\..\NGin\Maths\Polynomial.h">
      <Filter>NGin</Filter>
    </ClInclude>
    <ClInclude Include="..\..\..\NGin\Maths\Types.h">
      <Filter>NGin</Filter>
    </ClInclude>
    <ClInclude Include="..\..\..\NGin\Maths\BigNumberLibrary\Cbignum.h">
      <Filter>NGin</Filter>
    </ClInclude>
    <ClInclude Include="..\..\..\NGin\Maths\BigNumberLibrary\Cbignumf.h">
      <Filter>NGin</Filter>
    </ClInclude>
    <ClInclude Include="..\..\..\NGin\Maths\BigNumberLibrary\Cbignums.h">
      <Filter>NGin</Filter>
    </ClInclude>
    <ClInclude Include="..\..\..\NGin\Maths\BigNumberLibrary\Cbnl.h">
      <Filter>NGin</Filter>
    </ClInclude>
    <ClInclude Include="..\..\..\NGin\Maths\BigNumberLibrary\Cios.h">
      <Filter>NGin</Filter>
    </ClInclude>
    <ClInclude Include="..\..\..\NGin\Maths\BigNumberLibrary\Cthr.h">
      <Filter>NGin</Filter>
    </ClInclude>
    <ClInclude Include="..\..\..\NGin\Maths\BigNumberLibrary\Ctty.h">
      <Filter>NGin</Filter>
    </ClInclude>
    <ClInclude Include="..\..\..\NGin\Maths\BigNumberLibrary\Exarray.h">
      <Filter>NGin</Filter>
    </ClInclude>
    <ClInclude Include="..\..\..\NGin\Maths\BigNumberLibrary\Exdebug.h">
      <Filter>NGin</Filter>
    </ClInclude>
    <ClInclude Include="..\..\..\NGin\Maths\BigNumberLibrary\Exstring.h">
      <Filter>NGin</Filter>
    </ClInclude>
    <ClInclude Include="..\..\..\NGin\Maths\BigNumberLibrary\Exthread.h">
      <Filter>NGin</Filter>
    </ClInclude>
    <ClInclude Include="..\..\..\NGin\Network\Network.h">
      <Filter>NGin</Filter>
    </ClInclude>
    <ClInclude Include="..\..\..\NGin\Network\NetworkData.h">
      <Filter>NGin</Filter>
    </ClInclude>
    <ClInclude Include="..\..\..\NGin\rapidxml\rapidxml.hpp">
      <Filter>NGin</Filter>
    </ClInclude>
    <ClInclude Include="..\..\..\NGin\rapidxml\rapidxml_iterators.hpp">
      <Filter>NGin</Filter>
    </ClInclude>
    <ClInclude Include="..\..\..\NGin\rapidxml\rapidxml_print.hpp">
      <Filter>NGin</Filter>
    </ClInclude>
    <ClInclude Include="..\..\..\NGin\rapidxml\rapidxml_utils.hpp">
      <Filter>NGin</Filter>
    </ClInclude>
    <ClInclude Include="..\..\..\NGin\Scripts\Scripts.h">
      <Filter>NGin</Filter>
    </ClInclude>
  </ItemGroup>
  <ItemGroup>
    <Text Include="..\..\..\NGin\Maths\BigNumberLibrary\Cbignum.txt">
      <Filter>NGin</Filter>
    </Text>
    <Text Include="..\..\..\NGin\Maths\BigNumberLibrary\Exarray.txt">
      <Filter>NGin</Filter>
    </Text>
    <Text Include="..\..\..\NGin\rapidxml\license.txt">
      <Filter>NGin</Filter>
    </Text>
  </ItemGroup>
  <ItemGroup>
    <None Include="..\..\..\NGin\Maths\BigNumberLibrary\Cbignumf.inl">
      <Filter>NGin</Filter>
    </None>
    <None Include="..\..\..\NGin\Maths\BigNumberLibrary\Cbnl.inl">
      <Filter>NGin</Filter>
    </None>
    <None Include="..\..\..\NGin\Maths\BigNumberLibrary\Cbnl64.inl">
      <Filter>NGin</Filter>
    </None>
    <None Include="..\..\..\NGin\rapidxml\manual.html">
      <Filter>NGin</Filter>
    </None>
  </ItemGroup>
</Project>